
Microsoft Visual Studio Solution File, Format Version 12.00
# Visual Studio 2012
Project("{FAE04EC0-301F-11D3-BF4B-00C04F79EFBC}") = "1. GetTree", "GetTree\1. GetTree.csproj", "{7D3931BA-31DA-40E7-9656-D234F924B6D1}"
EndProject
Project("{FAE04EC0-301F-11D3-BF4B-00C04F79EFBC}") = "2. Subdirectories", "Subdirectories\2. Subdirectories.csproj", "{D0DF4AC6-6E8F-4FE6-B910-1C9EF228059F}"
EndProject
Project("{FAE04EC0-301F-11D3-BF4B-00C04F79EFBC}") = "3. FileSystem", "FileSystem\3. FileSystem.csproj", "{0107837F-CE45-4905-B569-738B91F19AA6}"
EndProject
Global
	GlobalSection(SolutionConfigurationPlatforms) = preSolution
		Debug|Any CPU = Debug|Any CPU
		Release|Any CPU = Release|Any CPU
	EndGlobalSection
	GlobalSection(ProjectConfigurationPlatforms) = postSolution
		{7D3931BA-31DA-40E7-9656-D234F924B6D1}.Debug|Any CPU.ActiveCfg = Debug|Any CPU
		{7D3931BA-31DA-40E7-9656-D234F924B6D1}.Debug|Any CPU.Build.0 = Debug|Any CPU
		{7D3931BA-31DA-40E7-9656-D234F924B6D1}.Release|Any CPU.ActiveCfg = Release|Any CPU
		{7D3931BA-31DA-40E7-9656-D234F924B6D1}.Release|Any CPU.Build.0 = Release|Any CPU
		{D0DF4AC6-6E8F-4FE6-B910-1C9EF228059F}.Debug|Any CPU.ActiveCfg = Debug|Any CPU
		{D0DF4AC6-6E8F-4FE6-B910-1C9EF228059F}.Debug|Any CPU.Build.0 = Debug|Any CPU
		{D0DF4AC6-6E8F-4FE6-B910-1C9EF228059F}.Release|Any CPU.ActiveCfg = Release|Any CPU
		{D0DF4AC6-6E8F-4FE6-B910-1C9EF228059F}.Release|Any CPU.Build.0 = Release|Any CPU
		{0107837F-CE45-4905-B569-738B91F19AA6}.Debug|Any CPU.ActiveCfg = Debug|Any CPU
		{0107837F-CE45-4905-B569-738B91F19AA6}.Debug|Any CPU.Build.0 = Debug|Any CPU
		{0107837F-CE45-4905-B569-738B91F19AA6}.Release|Any CPU.ActiveCfg = Release|Any CPU
		{0107837F-CE45-4905-B569-738B91F19AA6}.Release|Any CPU.Build.0 = Release|Any CPU
	EndGlobalSection
	GlobalSection(SolutionProperties) = preSolution
		HideSolutionNode = FALSE
	EndGlobalSection
EndGlobal
