
Microsoft Visual Studio Solution File, Format Version 12.00
# Visual Studio 2012
Project("{FAE04EC0-301F-11D3-BF4B-00C04F79EFBC}") = "1. Point3D", "Point3D\1. Point3D.csproj", "{A0359F16-4176-45CB-A4B1-B73E90AB90EF}"
EndProject
Project("{FAE04EC0-301F-11D3-BF4B-00C04F79EFBC}") = "2. GenercList", "GenercList\2. GenercList.csproj", "{FE260ED8-A93B-4853-B918-4883FC2AE436}"
EndProject
Project("{FAE04EC0-301F-11D3-BF4B-00C04F79EFBC}") = "3. GenericMatrix", "GenericMatrix\3. GenericMatrix.csproj", "{1DAFE547-A8CC-45DF-8DE9-25CF108C54CD}"
EndProject
Global
	GlobalSection(SolutionConfigurationPlatforms) = preSolution
		Debug|Any CPU = Debug|Any CPU
		Release|Any CPU = Release|Any CPU
	EndGlobalSection
	GlobalSection(ProjectConfigurationPlatforms) = postSolution
		{A0359F16-4176-45CB-A4B1-B73E90AB90EF}.Debug|Any CPU.ActiveCfg = Debug|Any CPU
		{A0359F16-4176-45CB-A4B1-B73E90AB90EF}.Debug|Any CPU.Build.0 = Debug|Any CPU
		{A0359F16-4176-45CB-A4B1-B73E90AB90EF}.Release|Any CPU.ActiveCfg = Release|Any CPU
		{A0359F16-4176-45CB-A4B1-B73E90AB90EF}.Release|Any CPU.Build.0 = Release|Any CPU
		{FE260ED8-A93B-4853-B918-4883FC2AE436}.Debug|Any CPU.ActiveCfg = Debug|Any CPU
		{FE260ED8-A93B-4853-B918-4883FC2AE436}.Debug|Any CPU.Build.0 = Debug|Any CPU
		{FE260ED8-A93B-4853-B918-4883FC2AE436}.Release|Any CPU.ActiveCfg = Release|Any CPU
		{FE260ED8-A93B-4853-B918-4883FC2AE436}.Release|Any CPU.Build.0 = Release|Any CPU
		{1DAFE547-A8CC-45DF-8DE9-25CF108C54CD}.Debug|Any CPU.ActiveCfg = Debug|Any CPU
		{1DAFE547-A8CC-45DF-8DE9-25CF108C54CD}.Debug|Any CPU.Build.0 = Debug|Any CPU
		{1DAFE547-A8CC-45DF-8DE9-25CF108C54CD}.Release|Any CPU.ActiveCfg = Release|Any CPU
		{1DAFE547-A8CC-45DF-8DE9-25CF108C54CD}.Release|Any CPU.Build.0 = Release|Any CPU
	EndGlobalSection
	GlobalSection(SolutionProperties) = preSolution
		HideSolutionNode = FALSE
	EndGlobalSection
EndGlobal
