
Microsoft Visual Studio Solution File, Format Version 12.00
# Visual Studio 2012
Project("{FAE04EC0-301F-11D3-BF4B-00C04F79EFBC}") = "1. SumAndAvarageOfList", "SumAndAvarageOfList\1. SumAndAvarageOfList.csproj", "{423DC4CB-0BEF-48B3-B152-9B10E3338B06}"
EndProject
Project("{FAE04EC0-301F-11D3-BF4B-00C04F79EFBC}") = "2. ReverseIntegers", "ReverseIntegers\2. ReverseIntegers.csproj", "{E6B14124-BA45-450D-83DE-9FD177EBA318}"
EndProject
Project("{FAE04EC0-301F-11D3-BF4B-00C04F79EFBC}") = "3. SortIncreasing", "SortIncreasing\3. SortIncreasing.csproj", "{492EFA69-A041-44AD-BBCC-A1325A2EE598}"
EndProject
Project("{FAE04EC0-301F-11D3-BF4B-00C04F79EFBC}") = "4. LongestSequance", "LongestSequance\4. LongestSequance.csproj", "{79532996-CE6E-4E45-B8C2-C5C03A98F9CF}"
EndProject
Project("{FAE04EC0-301F-11D3-BF4B-00C04F79EFBC}") = "4. LongestSequanceTest", "LongestSequanceTest\4. LongestSequanceTest.csproj", "{58DE4296-2D43-4E07-BEFC-E0BA52D8CF93}"
EndProject
Project("{FAE04EC0-301F-11D3-BF4B-00C04F79EFBC}") = "5. RemoveNegativeNumbers", "RemoveNegativeNumbers\5. RemoveNegativeNumbers.csproj", "{0A612F48-CB7E-4790-9C24-96E49619E9DF}"
EndProject
Project("{FAE04EC0-301F-11D3-BF4B-00C04F79EFBC}") = "6. RemoveNumbersThatOccurOddTimes", "RemoveNumbersThatOccurOddTimes\6. RemoveNumbersThatOccurOddTimes.csproj", "{26BE70E6-880E-49FF-89D9-9A31B17D3BB4}"
EndProject
Global
	GlobalSection(SolutionConfigurationPlatforms) = preSolution
		Debug|Any CPU = Debug|Any CPU
		Release|Any CPU = Release|Any CPU
	EndGlobalSection
	GlobalSection(ProjectConfigurationPlatforms) = postSolution
		{423DC4CB-0BEF-48B3-B152-9B10E3338B06}.Debug|Any CPU.ActiveCfg = Debug|Any CPU
		{423DC4CB-0BEF-48B3-B152-9B10E3338B06}.Debug|Any CPU.Build.0 = Debug|Any CPU
		{423DC4CB-0BEF-48B3-B152-9B10E3338B06}.Release|Any CPU.ActiveCfg = Release|Any CPU
		{423DC4CB-0BEF-48B3-B152-9B10E3338B06}.Release|Any CPU.Build.0 = Release|Any CPU
		{E6B14124-BA45-450D-83DE-9FD177EBA318}.Debug|Any CPU.ActiveCfg = Debug|Any CPU
		{E6B14124-BA45-450D-83DE-9FD177EBA318}.Debug|Any CPU.Build.0 = Debug|Any CPU
		{E6B14124-BA45-450D-83DE-9FD177EBA318}.Release|Any CPU.ActiveCfg = Release|Any CPU
		{E6B14124-BA45-450D-83DE-9FD177EBA318}.Release|Any CPU.Build.0 = Release|Any CPU
		{492EFA69-A041-44AD-BBCC-A1325A2EE598}.Debug|Any CPU.ActiveCfg = Debug|Any CPU
		{492EFA69-A041-44AD-BBCC-A1325A2EE598}.Debug|Any CPU.Build.0 = Debug|Any CPU
		{492EFA69-A041-44AD-BBCC-A1325A2EE598}.Release|Any CPU.ActiveCfg = Release|Any CPU
		{492EFA69-A041-44AD-BBCC-A1325A2EE598}.Release|Any CPU.Build.0 = Release|Any CPU
		{79532996-CE6E-4E45-B8C2-C5C03A98F9CF}.Debug|Any CPU.ActiveCfg = Debug|Any CPU
		{79532996-CE6E-4E45-B8C2-C5C03A98F9CF}.Debug|Any CPU.Build.0 = Debug|Any CPU
		{79532996-CE6E-4E45-B8C2-C5C03A98F9CF}.Release|Any CPU.ActiveCfg = Release|Any CPU
		{79532996-CE6E-4E45-B8C2-C5C03A98F9CF}.Release|Any CPU.Build.0 = Release|Any CPU
		{58DE4296-2D43-4E07-BEFC-E0BA52D8CF93}.Debug|Any CPU.ActiveCfg = Debug|Any CPU
		{58DE4296-2D43-4E07-BEFC-E0BA52D8CF93}.Debug|Any CPU.Build.0 = Debug|Any CPU
		{58DE4296-2D43-4E07-BEFC-E0BA52D8CF93}.Release|Any CPU.ActiveCfg = Release|Any CPU
		{58DE4296-2D43-4E07-BEFC-E0BA52D8CF93}.Release|Any CPU.Build.0 = Release|Any CPU
		{0A612F48-CB7E-4790-9C24-96E49619E9DF}.Debug|Any CPU.ActiveCfg = Debug|Any CPU
		{0A612F48-CB7E-4790-9C24-96E49619E9DF}.Debug|Any CPU.Build.0 = Debug|Any CPU
		{0A612F48-CB7E-4790-9C24-96E49619E9DF}.Release|Any CPU.ActiveCfg = Release|Any CPU
		{0A612F48-CB7E-4790-9C24-96E49619E9DF}.Release|Any CPU.Build.0 = Release|Any CPU
		{26BE70E6-880E-49FF-89D9-9A31B17D3BB4}.Debug|Any CPU.ActiveCfg = Debug|Any CPU
		{26BE70E6-880E-49FF-89D9-9A31B17D3BB4}.Debug|Any CPU.Build.0 = Debug|Any CPU
		{26BE70E6-880E-49FF-89D9-9A31B17D3BB4}.Release|Any CPU.ActiveCfg = Release|Any CPU
		{26BE70E6-880E-49FF-89D9-9A31B17D3BB4}.Release|Any CPU.Build.0 = Release|Any CPU
	EndGlobalSection
	GlobalSection(SolutionProperties) = preSolution
		HideSolutionNode = FALSE
	EndGlobalSection
EndGlobal
