
Microsoft Visual Studio Solution File, Format Version 12.00
# Visual Studio 2012
Project("{FAE04EC0-301F-11D3-BF4B-00C04F79EFBC}") = "School", "School\School.csproj", "{CA93B2EE-5715-47C1-932E-2121553AF3AF}"
EndProject
Project("{FAE04EC0-301F-11D3-BF4B-00C04F79EFBC}") = "TestSchool", "TestSchool\TestSchool.csproj", "{1C1C8D3D-EED8-4FA4-98F3-334FF3AF4250}"
EndProject
Global
	GlobalSection(SolutionConfigurationPlatforms) = preSolution
		Debug|Any CPU = Debug|Any CPU
		Release|Any CPU = Release|Any CPU
	EndGlobalSection
	GlobalSection(ProjectConfigurationPlatforms) = postSolution
		{CA93B2EE-5715-47C1-932E-2121553AF3AF}.Debug|Any CPU.ActiveCfg = Debug|Any CPU
		{CA93B2EE-5715-47C1-932E-2121553AF3AF}.Debug|Any CPU.Build.0 = Debug|Any CPU
		{CA93B2EE-5715-47C1-932E-2121553AF3AF}.Release|Any CPU.ActiveCfg = Release|Any CPU
		{CA93B2EE-5715-47C1-932E-2121553AF3AF}.Release|Any CPU.Build.0 = Release|Any CPU
		{1C1C8D3D-EED8-4FA4-98F3-334FF3AF4250}.Debug|Any CPU.ActiveCfg = Debug|Any CPU
		{1C1C8D3D-EED8-4FA4-98F3-334FF3AF4250}.Debug|Any CPU.Build.0 = Debug|Any CPU
		{1C1C8D3D-EED8-4FA4-98F3-334FF3AF4250}.Release|Any CPU.ActiveCfg = Release|Any CPU
		{1C1C8D3D-EED8-4FA4-98F3-334FF3AF4250}.Release|Any CPU.Build.0 = Release|Any CPU
	EndGlobalSection
	GlobalSection(SolutionProperties) = preSolution
		HideSolutionNode = FALSE
	EndGlobalSection
EndGlobal
