
Microsoft Visual Studio Solution File, Format Version 12.00
# Visual Studio 2012
Project("{FAE04EC0-301F-11D3-BF4B-00C04F79EFBC}") = "1. SubstringExtension", "SubstringExtension\1. SubstringExtension.csproj", "{C2FC179C-D256-438C-9846-9B1EDB1B7175}"
EndProject
Project("{FAE04EC0-301F-11D3-BF4B-00C04F79EFBC}") = "3. Students", "Students\3. Students.csproj", "{A17B0BA1-D03E-4FCF-AC92-F361BE51F3B4}"
EndProject
Project("{FAE04EC0-301F-11D3-BF4B-00C04F79EFBC}") = "2. ExtendingIEnumerable", "ExtendingIEnumerable\2. ExtendingIEnumerable.csproj", "{DDD686C4-3D70-420A-AFCA-CDAB671E9213}"
EndProject
Project("{FAE04EC0-301F-11D3-BF4B-00C04F79EFBC}") = "4. DividedBy7And3", "DividedBy7And3\4. DividedBy7And3.csproj", "{6EE4DBB4-D87B-41A1-B1BC-6934F6E8678C}"
EndProject
Project("{FAE04EC0-301F-11D3-BF4B-00C04F79EFBC}") = "5. TimerDelegates", "TimerDelegates\5. TimerDelegates.csproj", "{12CC62FB-8869-4FF1-B4AD-EBBACB040479}"
EndProject
Global
	GlobalSection(SolutionConfigurationPlatforms) = preSolution
		Debug|Any CPU = Debug|Any CPU
		Release|Any CPU = Release|Any CPU
	EndGlobalSection
	GlobalSection(ProjectConfigurationPlatforms) = postSolution
		{C2FC179C-D256-438C-9846-9B1EDB1B7175}.Debug|Any CPU.ActiveCfg = Debug|Any CPU
		{C2FC179C-D256-438C-9846-9B1EDB1B7175}.Debug|Any CPU.Build.0 = Debug|Any CPU
		{C2FC179C-D256-438C-9846-9B1EDB1B7175}.Release|Any CPU.ActiveCfg = Release|Any CPU
		{C2FC179C-D256-438C-9846-9B1EDB1B7175}.Release|Any CPU.Build.0 = Release|Any CPU
		{A17B0BA1-D03E-4FCF-AC92-F361BE51F3B4}.Debug|Any CPU.ActiveCfg = Debug|Any CPU
		{A17B0BA1-D03E-4FCF-AC92-F361BE51F3B4}.Debug|Any CPU.Build.0 = Debug|Any CPU
		{A17B0BA1-D03E-4FCF-AC92-F361BE51F3B4}.Release|Any CPU.ActiveCfg = Release|Any CPU
		{A17B0BA1-D03E-4FCF-AC92-F361BE51F3B4}.Release|Any CPU.Build.0 = Release|Any CPU
		{DDD686C4-3D70-420A-AFCA-CDAB671E9213}.Debug|Any CPU.ActiveCfg = Debug|Any CPU
		{DDD686C4-3D70-420A-AFCA-CDAB671E9213}.Debug|Any CPU.Build.0 = Debug|Any CPU
		{DDD686C4-3D70-420A-AFCA-CDAB671E9213}.Release|Any CPU.ActiveCfg = Release|Any CPU
		{DDD686C4-3D70-420A-AFCA-CDAB671E9213}.Release|Any CPU.Build.0 = Release|Any CPU
		{6EE4DBB4-D87B-41A1-B1BC-6934F6E8678C}.Debug|Any CPU.ActiveCfg = Debug|Any CPU
		{6EE4DBB4-D87B-41A1-B1BC-6934F6E8678C}.Debug|Any CPU.Build.0 = Debug|Any CPU
		{6EE4DBB4-D87B-41A1-B1BC-6934F6E8678C}.Release|Any CPU.ActiveCfg = Release|Any CPU
		{6EE4DBB4-D87B-41A1-B1BC-6934F6E8678C}.Release|Any CPU.Build.0 = Release|Any CPU
		{12CC62FB-8869-4FF1-B4AD-EBBACB040479}.Debug|Any CPU.ActiveCfg = Debug|Any CPU
		{12CC62FB-8869-4FF1-B4AD-EBBACB040479}.Debug|Any CPU.Build.0 = Debug|Any CPU
		{12CC62FB-8869-4FF1-B4AD-EBBACB040479}.Release|Any CPU.ActiveCfg = Release|Any CPU
		{12CC62FB-8869-4FF1-B4AD-EBBACB040479}.Release|Any CPU.Build.0 = Release|Any CPU
	EndGlobalSection
	GlobalSection(SolutionProperties) = preSolution
		HideSolutionNode = FALSE
	EndGlobalSection
EndGlobal
