
Microsoft Visual Studio Solution File, Format Version 12.00
# Visual Studio 2012
Project("{FAE04EC0-301F-11D3-BF4B-00C04F79EFBC}") = "02. ReverseString", "ReverseString\02. ReverseString.csproj", "{66626B5C-D4CE-4FEA-A860-4D500FE39C83}"
EndProject
Project("{FAE04EC0-301F-11D3-BF4B-00C04F79EFBC}") = "03. BracketsCheck", "BracketsCheck\03. BracketsCheck.csproj", "{B97D1B3E-9779-491D-BF53-E3FA95E6B33A}"
EndProject
Project("{FAE04EC0-301F-11D3-BF4B-00C04F79EFBC}") = "04. CountOfSubstrings", "CountOfSubstrings\04. CountOfSubstrings.csproj", "{CA550AAB-BD3C-4561-8BF0-25808CC4FE06}"
EndProject
Project("{FAE04EC0-301F-11D3-BF4B-00C04F79EFBC}") = "05. UpperCase", "UpperCase\05. UpperCase.csproj", "{74E4D3BF-5AD6-4CA0-8438-6EBE63D9CF5F}"
EndProject
Project("{FAE04EC0-301F-11D3-BF4B-00C04F79EFBC}") = "06. AddSymbol", "AddSymbol\06. AddSymbol.csproj", "{3D667EA9-FC63-49E5-AA00-1B6866E3809C}"
EndProject
Project("{FAE04EC0-301F-11D3-BF4B-00C04F79EFBC}") = "07. EncodeDecode", "EncodeDecode\07. EncodeDecode.csproj", "{9757BF16-0636-437E-91BB-79A03D833763}"
EndProject
Project("{FAE04EC0-301F-11D3-BF4B-00C04F79EFBC}") = "08. SentencesWithIn", "SentencesWithIn\08. SentencesWithIn.csproj", "{4C2CC2AF-BE1F-421D-AF5E-D18CB4A1DED2}"
EndProject
Project("{FAE04EC0-301F-11D3-BF4B-00C04F79EFBC}") = "09. Censure", "Censure\09. Censure.csproj", "{AF9DC686-A57C-45D5-BED8-825CDBF62A9C}"
EndProject
Project("{FAE04EC0-301F-11D3-BF4B-00C04F79EFBC}") = "10. Unicode", "Unicode\10. Unicode.csproj", "{06FF37F0-3651-43F8-A3BA-BD5EE30CF39D}"
EndProject
Project("{FAE04EC0-301F-11D3-BF4B-00C04F79EFBC}") = "11. FormattingNumer", "FormattingNumer\11. FormattingNumer.csproj", "{C2DCC926-3792-4EF7-A652-7287BF033177}"
EndProject
Project("{FAE04EC0-301F-11D3-BF4B-00C04F79EFBC}") = "12. ExtractDataFromURL", "ExtractDataFromURL\12. ExtractDataFromURL.csproj", "{D51CE16E-D97B-4A76-A4A7-76DDF4A49C9C}"
EndProject
Project("{FAE04EC0-301F-11D3-BF4B-00C04F79EFBC}") = "13. ReverseSentence !!", "ReverseSentence\13. ReverseSentence !!.csproj", "{7611EAFE-37EF-4FE7-9F3C-4330A02A682B}"
EndProject
Project("{FAE04EC0-301F-11D3-BF4B-00C04F79EFBC}") = "14. Dictionary", "Dictionary\14. Dictionary.csproj", "{1AC0B4E7-BCCF-436C-AA35-847CE6EC99BA}"
EndProject
Project("{FAE04EC0-301F-11D3-BF4B-00C04F79EFBC}") = "15. ReplaceATag", "ReplaceATag\15. ReplaceATag.csproj", "{A346662B-3F4F-4A60-8DC6-317DC7EE68A9}"
EndProject
Project("{FAE04EC0-301F-11D3-BF4B-00C04F79EFBC}") = "16. PeriodOfTime", "PeriodOfTime\16. PeriodOfTime.csproj", "{D301C25D-652B-4EA6-94AC-4AB76CC9CC65}"
EndProject
Project("{FAE04EC0-301F-11D3-BF4B-00C04F79EFBC}") = "17. AfterSixDays", "AfterSixDays\17. AfterSixDays.csproj", "{2FA68CA0-BBAC-4305-A41B-6470752025D7}"
EndProject
Project("{FAE04EC0-301F-11D3-BF4B-00C04F79EFBC}") = "21. DifferentLetters", "DifferentLetters\21. DifferentLetters.csproj", "{7C989D4E-6C5C-4CE7-ACE5-EED5BF6557D1}"
EndProject
Project("{FAE04EC0-301F-11D3-BF4B-00C04F79EFBC}") = "22. DIfferentWords", "DIfferentWords\22. DIfferentWords.csproj", "{64A9688A-5E0F-49E8-A9D5-89ACBBA62C35}"
EndProject
Project("{FAE04EC0-301F-11D3-BF4B-00C04F79EFBC}") = "23. ReplaceSeries", "ReplaceSeries\23. ReplaceSeries.csproj", "{2210E439-3830-46DA-B733-69C2B08E58C8}"
EndProject
Project("{FAE04EC0-301F-11D3-BF4B-00C04F79EFBC}") = "24. SortedWords", "SortedWords\24. SortedWords.csproj", "{1804BE52-AAA1-4572-8D92-0CD5C12704C6}"
EndProject
Project("{FAE04EC0-301F-11D3-BF4B-00C04F79EFBC}") = "25. ExtractContentFromHtml", "ExtractContentFromHtml\25. ExtractContentFromHtml.csproj", "{B648B079-6650-4E16-B10C-3D58555ADFAD}"
EndProject
Global
	GlobalSection(SolutionConfigurationPlatforms) = preSolution
		Debug|Any CPU = Debug|Any CPU
		Release|Any CPU = Release|Any CPU
	EndGlobalSection
	GlobalSection(ProjectConfigurationPlatforms) = postSolution
		{66626B5C-D4CE-4FEA-A860-4D500FE39C83}.Debug|Any CPU.ActiveCfg = Debug|Any CPU
		{66626B5C-D4CE-4FEA-A860-4D500FE39C83}.Debug|Any CPU.Build.0 = Debug|Any CPU
		{66626B5C-D4CE-4FEA-A860-4D500FE39C83}.Release|Any CPU.ActiveCfg = Release|Any CPU
		{66626B5C-D4CE-4FEA-A860-4D500FE39C83}.Release|Any CPU.Build.0 = Release|Any CPU
		{B97D1B3E-9779-491D-BF53-E3FA95E6B33A}.Debug|Any CPU.ActiveCfg = Debug|Any CPU
		{B97D1B3E-9779-491D-BF53-E3FA95E6B33A}.Debug|Any CPU.Build.0 = Debug|Any CPU
		{B97D1B3E-9779-491D-BF53-E3FA95E6B33A}.Release|Any CPU.ActiveCfg = Release|Any CPU
		{B97D1B3E-9779-491D-BF53-E3FA95E6B33A}.Release|Any CPU.Build.0 = Release|Any CPU
		{CA550AAB-BD3C-4561-8BF0-25808CC4FE06}.Debug|Any CPU.ActiveCfg = Debug|Any CPU
		{CA550AAB-BD3C-4561-8BF0-25808CC4FE06}.Debug|Any CPU.Build.0 = Debug|Any CPU
		{CA550AAB-BD3C-4561-8BF0-25808CC4FE06}.Release|Any CPU.ActiveCfg = Release|Any CPU
		{CA550AAB-BD3C-4561-8BF0-25808CC4FE06}.Release|Any CPU.Build.0 = Release|Any CPU
		{74E4D3BF-5AD6-4CA0-8438-6EBE63D9CF5F}.Debug|Any CPU.ActiveCfg = Debug|Any CPU
		{74E4D3BF-5AD6-4CA0-8438-6EBE63D9CF5F}.Debug|Any CPU.Build.0 = Debug|Any CPU
		{74E4D3BF-5AD6-4CA0-8438-6EBE63D9CF5F}.Release|Any CPU.ActiveCfg = Release|Any CPU
		{74E4D3BF-5AD6-4CA0-8438-6EBE63D9CF5F}.Release|Any CPU.Build.0 = Release|Any CPU
		{3D667EA9-FC63-49E5-AA00-1B6866E3809C}.Debug|Any CPU.ActiveCfg = Debug|Any CPU
		{3D667EA9-FC63-49E5-AA00-1B6866E3809C}.Debug|Any CPU.Build.0 = Debug|Any CPU
		{3D667EA9-FC63-49E5-AA00-1B6866E3809C}.Release|Any CPU.ActiveCfg = Release|Any CPU
		{3D667EA9-FC63-49E5-AA00-1B6866E3809C}.Release|Any CPU.Build.0 = Release|Any CPU
		{9757BF16-0636-437E-91BB-79A03D833763}.Debug|Any CPU.ActiveCfg = Debug|Any CPU
		{9757BF16-0636-437E-91BB-79A03D833763}.Debug|Any CPU.Build.0 = Debug|Any CPU
		{9757BF16-0636-437E-91BB-79A03D833763}.Release|Any CPU.ActiveCfg = Release|Any CPU
		{9757BF16-0636-437E-91BB-79A03D833763}.Release|Any CPU.Build.0 = Release|Any CPU
		{4C2CC2AF-BE1F-421D-AF5E-D18CB4A1DED2}.Debug|Any CPU.ActiveCfg = Debug|Any CPU
		{4C2CC2AF-BE1F-421D-AF5E-D18CB4A1DED2}.Debug|Any CPU.Build.0 = Debug|Any CPU
		{4C2CC2AF-BE1F-421D-AF5E-D18CB4A1DED2}.Release|Any CPU.ActiveCfg = Release|Any CPU
		{4C2CC2AF-BE1F-421D-AF5E-D18CB4A1DED2}.Release|Any CPU.Build.0 = Release|Any CPU
		{AF9DC686-A57C-45D5-BED8-825CDBF62A9C}.Debug|Any CPU.ActiveCfg = Debug|Any CPU
		{AF9DC686-A57C-45D5-BED8-825CDBF62A9C}.Debug|Any CPU.Build.0 = Debug|Any CPU
		{AF9DC686-A57C-45D5-BED8-825CDBF62A9C}.Release|Any CPU.ActiveCfg = Release|Any CPU
		{AF9DC686-A57C-45D5-BED8-825CDBF62A9C}.Release|Any CPU.Build.0 = Release|Any CPU
		{06FF37F0-3651-43F8-A3BA-BD5EE30CF39D}.Debug|Any CPU.ActiveCfg = Debug|Any CPU
		{06FF37F0-3651-43F8-A3BA-BD5EE30CF39D}.Debug|Any CPU.Build.0 = Debug|Any CPU
		{06FF37F0-3651-43F8-A3BA-BD5EE30CF39D}.Release|Any CPU.ActiveCfg = Release|Any CPU
		{06FF37F0-3651-43F8-A3BA-BD5EE30CF39D}.Release|Any CPU.Build.0 = Release|Any CPU
		{C2DCC926-3792-4EF7-A652-7287BF033177}.Debug|Any CPU.ActiveCfg = Debug|Any CPU
		{C2DCC926-3792-4EF7-A652-7287BF033177}.Debug|Any CPU.Build.0 = Debug|Any CPU
		{C2DCC926-3792-4EF7-A652-7287BF033177}.Release|Any CPU.ActiveCfg = Release|Any CPU
		{C2DCC926-3792-4EF7-A652-7287BF033177}.Release|Any CPU.Build.0 = Release|Any CPU
		{D51CE16E-D97B-4A76-A4A7-76DDF4A49C9C}.Debug|Any CPU.ActiveCfg = Debug|Any CPU
		{D51CE16E-D97B-4A76-A4A7-76DDF4A49C9C}.Debug|Any CPU.Build.0 = Debug|Any CPU
		{D51CE16E-D97B-4A76-A4A7-76DDF4A49C9C}.Release|Any CPU.ActiveCfg = Release|Any CPU
		{D51CE16E-D97B-4A76-A4A7-76DDF4A49C9C}.Release|Any CPU.Build.0 = Release|Any CPU
		{7611EAFE-37EF-4FE7-9F3C-4330A02A682B}.Debug|Any CPU.ActiveCfg = Debug|Any CPU
		{7611EAFE-37EF-4FE7-9F3C-4330A02A682B}.Debug|Any CPU.Build.0 = Debug|Any CPU
		{7611EAFE-37EF-4FE7-9F3C-4330A02A682B}.Release|Any CPU.ActiveCfg = Release|Any CPU
		{7611EAFE-37EF-4FE7-9F3C-4330A02A682B}.Release|Any CPU.Build.0 = Release|Any CPU
		{1AC0B4E7-BCCF-436C-AA35-847CE6EC99BA}.Debug|Any CPU.ActiveCfg = Debug|Any CPU
		{1AC0B4E7-BCCF-436C-AA35-847CE6EC99BA}.Debug|Any CPU.Build.0 = Debug|Any CPU
		{1AC0B4E7-BCCF-436C-AA35-847CE6EC99BA}.Release|Any CPU.ActiveCfg = Release|Any CPU
		{1AC0B4E7-BCCF-436C-AA35-847CE6EC99BA}.Release|Any CPU.Build.0 = Release|Any CPU
		{A346662B-3F4F-4A60-8DC6-317DC7EE68A9}.Debug|Any CPU.ActiveCfg = Debug|Any CPU
		{A346662B-3F4F-4A60-8DC6-317DC7EE68A9}.Debug|Any CPU.Build.0 = Debug|Any CPU
		{A346662B-3F4F-4A60-8DC6-317DC7EE68A9}.Release|Any CPU.ActiveCfg = Release|Any CPU
		{A346662B-3F4F-4A60-8DC6-317DC7EE68A9}.Release|Any CPU.Build.0 = Release|Any CPU
		{D301C25D-652B-4EA6-94AC-4AB76CC9CC65}.Debug|Any CPU.ActiveCfg = Debug|Any CPU
		{D301C25D-652B-4EA6-94AC-4AB76CC9CC65}.Debug|Any CPU.Build.0 = Debug|Any CPU
		{D301C25D-652B-4EA6-94AC-4AB76CC9CC65}.Release|Any CPU.ActiveCfg = Release|Any CPU
		{D301C25D-652B-4EA6-94AC-4AB76CC9CC65}.Release|Any CPU.Build.0 = Release|Any CPU
		{2FA68CA0-BBAC-4305-A41B-6470752025D7}.Debug|Any CPU.ActiveCfg = Debug|Any CPU
		{2FA68CA0-BBAC-4305-A41B-6470752025D7}.Debug|Any CPU.Build.0 = Debug|Any CPU
		{2FA68CA0-BBAC-4305-A41B-6470752025D7}.Release|Any CPU.ActiveCfg = Release|Any CPU
		{2FA68CA0-BBAC-4305-A41B-6470752025D7}.Release|Any CPU.Build.0 = Release|Any CPU
		{7C989D4E-6C5C-4CE7-ACE5-EED5BF6557D1}.Debug|Any CPU.ActiveCfg = Debug|Any CPU
		{7C989D4E-6C5C-4CE7-ACE5-EED5BF6557D1}.Debug|Any CPU.Build.0 = Debug|Any CPU
		{7C989D4E-6C5C-4CE7-ACE5-EED5BF6557D1}.Release|Any CPU.ActiveCfg = Release|Any CPU
		{7C989D4E-6C5C-4CE7-ACE5-EED5BF6557D1}.Release|Any CPU.Build.0 = Release|Any CPU
		{64A9688A-5E0F-49E8-A9D5-89ACBBA62C35}.Debug|Any CPU.ActiveCfg = Debug|Any CPU
		{64A9688A-5E0F-49E8-A9D5-89ACBBA62C35}.Debug|Any CPU.Build.0 = Debug|Any CPU
		{64A9688A-5E0F-49E8-A9D5-89ACBBA62C35}.Release|Any CPU.ActiveCfg = Release|Any CPU
		{64A9688A-5E0F-49E8-A9D5-89ACBBA62C35}.Release|Any CPU.Build.0 = Release|Any CPU
		{2210E439-3830-46DA-B733-69C2B08E58C8}.Debug|Any CPU.ActiveCfg = Debug|Any CPU
		{2210E439-3830-46DA-B733-69C2B08E58C8}.Debug|Any CPU.Build.0 = Debug|Any CPU
		{2210E439-3830-46DA-B733-69C2B08E58C8}.Release|Any CPU.ActiveCfg = Release|Any CPU
		{2210E439-3830-46DA-B733-69C2B08E58C8}.Release|Any CPU.Build.0 = Release|Any CPU
		{1804BE52-AAA1-4572-8D92-0CD5C12704C6}.Debug|Any CPU.ActiveCfg = Debug|Any CPU
		{1804BE52-AAA1-4572-8D92-0CD5C12704C6}.Debug|Any CPU.Build.0 = Debug|Any CPU
		{1804BE52-AAA1-4572-8D92-0CD5C12704C6}.Release|Any CPU.ActiveCfg = Release|Any CPU
		{1804BE52-AAA1-4572-8D92-0CD5C12704C6}.Release|Any CPU.Build.0 = Release|Any CPU
		{B648B079-6650-4E16-B10C-3D58555ADFAD}.Debug|Any CPU.ActiveCfg = Debug|Any CPU
		{B648B079-6650-4E16-B10C-3D58555ADFAD}.Debug|Any CPU.Build.0 = Debug|Any CPU
		{B648B079-6650-4E16-B10C-3D58555ADFAD}.Release|Any CPU.ActiveCfg = Release|Any CPU
		{B648B079-6650-4E16-B10C-3D58555ADFAD}.Release|Any CPU.Build.0 = Release|Any CPU
	EndGlobalSection
	GlobalSection(SolutionProperties) = preSolution
		HideSolutionNode = FALSE
	EndGlobalSection
EndGlobal
