
Microsoft Visual Studio Solution File, Format Version 12.00
# Visual Studio 2012
Project("{FAE04EC0-301F-11D3-BF4B-00C04F79EFBC}") = "Phonebook", "Phonebook\Phonebook.csproj", "{AD0C02FD-CAF1-449E-BDA5-79B0B4D2C73B}"
EndProject
Project("{FAE04EC0-301F-11D3-BF4B-00C04F79EFBC}") = "Phonebook.Tests", "Phonebook.Tests\Phonebook.Tests.csproj", "{C716E373-9421-42E6-A7F6-75510941A691}"
EndProject
Global
	GlobalSection(SolutionConfigurationPlatforms) = preSolution
		Debug|Any CPU = Debug|Any CPU
		Release|Any CPU = Release|Any CPU
	EndGlobalSection
	GlobalSection(ProjectConfigurationPlatforms) = postSolution
		{AD0C02FD-CAF1-449E-BDA5-79B0B4D2C73B}.Debug|Any CPU.ActiveCfg = Debug|Any CPU
		{AD0C02FD-CAF1-449E-BDA5-79B0B4D2C73B}.Debug|Any CPU.Build.0 = Debug|Any CPU
		{AD0C02FD-CAF1-449E-BDA5-79B0B4D2C73B}.Release|Any CPU.ActiveCfg = Release|Any CPU
		{AD0C02FD-CAF1-449E-BDA5-79B0B4D2C73B}.Release|Any CPU.Build.0 = Release|Any CPU
		{C716E373-9421-42E6-A7F6-75510941A691}.Debug|Any CPU.ActiveCfg = Debug|Any CPU
		{C716E373-9421-42E6-A7F6-75510941A691}.Debug|Any CPU.Build.0 = Debug|Any CPU
		{C716E373-9421-42E6-A7F6-75510941A691}.Release|Any CPU.ActiveCfg = Release|Any CPU
		{C716E373-9421-42E6-A7F6-75510941A691}.Release|Any CPU.Build.0 = Release|Any CPU
	EndGlobalSection
	GlobalSection(SolutionProperties) = preSolution
		HideSolutionNode = FALSE
	EndGlobalSection
EndGlobal
