
Microsoft Visual Studio Solution File, Format Version 12.00
# Visual Studio 2012
Project("{FAE04EC0-301F-11D3-BF4B-00C04F79EFBC}") = "1 ArrayInitializer", "1 ArrayInitializer\1 ArrayInitializer.csproj", "{CCC48015-C1F0-4B69-ADC4-0E163A0D87ED}"
EndProject
Project("{FAE04EC0-301F-11D3-BF4B-00C04F79EFBC}") = "2 ArrayComparison", "2 ArrayComparison\2 ArrayComparison.csproj", "{686EA23E-1843-479B-9222-D80BE2E29511}"
EndProject
Project("{FAE04EC0-301F-11D3-BF4B-00C04F79EFBC}") = "3 CharArraysComparison", "3 CharArraysComparison\3 CharArraysComparison.csproj", "{05F4A1B4-83F8-4CA6-A180-DB79E558B697}"
EndProject
Project("{FAE04EC0-301F-11D3-BF4B-00C04F79EFBC}") = "4 MaximalSequenceOfEqualArrayElements", "4 MaximalSequenceOfEqualArrayElements\4 MaximalSequenceOfEqualArrayElements.csproj", "{B4A186B8-9CDF-47A4-9EE2-B5D6A7CBF839}"
EndProject
Project("{FAE04EC0-301F-11D3-BF4B-00C04F79EFBC}") = "5 MaximumIncreasingArraySequence", "5 MaximumIncreasingArraySequence\5 MaximumIncreasingArraySequence.csproj", "{AFB8C68A-C719-47A2-A551-A6590A1E9941}"
EndProject
Project("{FAE04EC0-301F-11D3-BF4B-00C04F79EFBC}") = "6 MaximumArraySubsetSum", "6 MaximalArraySubsetSum\6 MaximumArraySubsetSum.csproj", "{7F2DFC6E-0C9A-4810-B0F3-7FBB9EE87E2B}"
EndProject
Project("{FAE04EC0-301F-11D3-BF4B-00C04F79EFBC}") = "7 SelectionSort", "7 SelectionSort\7 SelectionSort.csproj", "{9756C19E-DA71-4706-9239-2ECFB389A7D0}"
EndProject
Project("{FAE04EC0-301F-11D3-BF4B-00C04F79EFBC}") = "8 MaximumSumSequence", "8 MaximumSumSequence\8 MaximumSumSequence.csproj", "{5742B86C-9ED4-4CB7-A2B7-0C6E34B69606}"
EndProject
Project("{FAE04EC0-301F-11D3-BF4B-00C04F79EFBC}") = "9 MostFrequentArrayNumber", "9 MostFrequentArrayNumber\9 MostFrequentArrayNumber.csproj", "{CE111A15-47AF-4B58-B636-D42D57478DB8}"
EndProject
Project("{FAE04EC0-301F-11D3-BF4B-00C04F79EFBC}") = "10 SequenceWithGivenSum", "10 SequenceWithGivenSum\10 SequenceWithGivenSum.csproj", "{1F7E8927-2560-417C-B479-B495799F0176}"
EndProject
Project("{FAE04EC0-301F-11D3-BF4B-00C04F79EFBC}") = "11 BinarySearch", "11 BinarySearch\11 BinarySearch.csproj", "{2311DCA8-5CD7-43F4-854F-AB29F90ABFE9}"
EndProject
Project("{FAE04EC0-301F-11D3-BF4B-00C04F79EFBC}") = "12 LetterIndices", "12 LetterIndices\12 LetterIndices.csproj", "{67ACF5DF-68D9-41E4-A9CD-7AFC2ACD259C}"
EndProject
Project("{FAE04EC0-301F-11D3-BF4B-00C04F79EFBC}") = "13 MergeSort", "13 MergeSort\13 MergeSort.csproj", "{8830F43A-E953-4264-9FC9-10EAC7ABAB73}"
EndProject
Project("{FAE04EC0-301F-11D3-BF4B-00C04F79EFBC}") = "14 QuickSort", "14 QuickSort\14 QuickSort.csproj", "{4FC73B7B-F1DB-49F6-BBFF-4D4690D7D57F}"
EndProject
Project("{FAE04EC0-301F-11D3-BF4B-00C04F79EFBC}") = "15 SieveOfEratosthenes", "15 SieveOfEratosthenes\15 SieveOfEratosthenes.csproj", "{67BFE991-CF67-4D8F-BF0A-F50AF3153A6A}"
EndProject
Project("{FAE04EC0-301F-11D3-BF4B-00C04F79EFBC}") = "16 SubsetSum", "16 SubsetSum\16 SubsetSum.csproj", "{A08439DC-59D3-4DD7-A7BF-10D6C53BB239}"
EndProject
Project("{FAE04EC0-301F-11D3-BF4B-00C04F79EFBC}") = "17 SubsetWithGivenElementsSum", "17 SubsetWithGivenElementsSum\17 SubsetWithGivenElementsSum.csproj", "{60E3EFE5-4566-477C-A322-9E3ABF8CB614}"
EndProject
Project("{FAE04EC0-301F-11D3-BF4B-00C04F79EFBC}") = "18 MaximalIncreasingSequence", "18 MaximalIncreasingSequence\18 MaximalIncreasingSequence.csproj", "{BF6AFDA5-A0BF-41C8-99EC-A9F227BFB7F5}"
EndProject
Project("{FAE04EC0-301F-11D3-BF4B-00C04F79EFBC}") = "19 Permutations", "19 Permutations\19 Permutations.csproj", "{460D222D-D204-4D38-96E4-316459A068FC}"
EndProject
Project("{FAE04EC0-301F-11D3-BF4B-00C04F79EFBC}") = "20 Variations", "20 Variations\20 Variations.csproj", "{9F9E7D7B-BDFC-4A19-8C9A-85C051D4984C}"
EndProject
Project("{FAE04EC0-301F-11D3-BF4B-00C04F79EFBC}") = "21 Combinations", "21 Combinations\21 Combinations.csproj", "{9ABFFC4E-E166-4885-9356-12C958FEFC62}"
EndProject
Global
	GlobalSection(SolutionConfigurationPlatforms) = preSolution
		Debug|Any CPU = Debug|Any CPU
		Release|Any CPU = Release|Any CPU
	EndGlobalSection
	GlobalSection(ProjectConfigurationPlatforms) = postSolution
		{CCC48015-C1F0-4B69-ADC4-0E163A0D87ED}.Debug|Any CPU.ActiveCfg = Debug|Any CPU
		{CCC48015-C1F0-4B69-ADC4-0E163A0D87ED}.Debug|Any CPU.Build.0 = Debug|Any CPU
		{CCC48015-C1F0-4B69-ADC4-0E163A0D87ED}.Release|Any CPU.ActiveCfg = Release|Any CPU
		{CCC48015-C1F0-4B69-ADC4-0E163A0D87ED}.Release|Any CPU.Build.0 = Release|Any CPU
		{686EA23E-1843-479B-9222-D80BE2E29511}.Debug|Any CPU.ActiveCfg = Debug|Any CPU
		{686EA23E-1843-479B-9222-D80BE2E29511}.Debug|Any CPU.Build.0 = Debug|Any CPU
		{686EA23E-1843-479B-9222-D80BE2E29511}.Release|Any CPU.ActiveCfg = Release|Any CPU
		{686EA23E-1843-479B-9222-D80BE2E29511}.Release|Any CPU.Build.0 = Release|Any CPU
		{05F4A1B4-83F8-4CA6-A180-DB79E558B697}.Debug|Any CPU.ActiveCfg = Debug|Any CPU
		{05F4A1B4-83F8-4CA6-A180-DB79E558B697}.Debug|Any CPU.Build.0 = Debug|Any CPU
		{05F4A1B4-83F8-4CA6-A180-DB79E558B697}.Release|Any CPU.ActiveCfg = Release|Any CPU
		{05F4A1B4-83F8-4CA6-A180-DB79E558B697}.Release|Any CPU.Build.0 = Release|Any CPU
		{B4A186B8-9CDF-47A4-9EE2-B5D6A7CBF839}.Debug|Any CPU.ActiveCfg = Debug|Any CPU
		{B4A186B8-9CDF-47A4-9EE2-B5D6A7CBF839}.Debug|Any CPU.Build.0 = Debug|Any CPU
		{B4A186B8-9CDF-47A4-9EE2-B5D6A7CBF839}.Release|Any CPU.ActiveCfg = Release|Any CPU
		{B4A186B8-9CDF-47A4-9EE2-B5D6A7CBF839}.Release|Any CPU.Build.0 = Release|Any CPU
		{AFB8C68A-C719-47A2-A551-A6590A1E9941}.Debug|Any CPU.ActiveCfg = Debug|Any CPU
		{AFB8C68A-C719-47A2-A551-A6590A1E9941}.Debug|Any CPU.Build.0 = Debug|Any CPU
		{AFB8C68A-C719-47A2-A551-A6590A1E9941}.Release|Any CPU.ActiveCfg = Release|Any CPU
		{AFB8C68A-C719-47A2-A551-A6590A1E9941}.Release|Any CPU.Build.0 = Release|Any CPU
		{7F2DFC6E-0C9A-4810-B0F3-7FBB9EE87E2B}.Debug|Any CPU.ActiveCfg = Debug|Any CPU
		{7F2DFC6E-0C9A-4810-B0F3-7FBB9EE87E2B}.Debug|Any CPU.Build.0 = Debug|Any CPU
		{7F2DFC6E-0C9A-4810-B0F3-7FBB9EE87E2B}.Release|Any CPU.ActiveCfg = Release|Any CPU
		{7F2DFC6E-0C9A-4810-B0F3-7FBB9EE87E2B}.Release|Any CPU.Build.0 = Release|Any CPU
		{9756C19E-DA71-4706-9239-2ECFB389A7D0}.Debug|Any CPU.ActiveCfg = Debug|Any CPU
		{9756C19E-DA71-4706-9239-2ECFB389A7D0}.Debug|Any CPU.Build.0 = Debug|Any CPU
		{9756C19E-DA71-4706-9239-2ECFB389A7D0}.Release|Any CPU.ActiveCfg = Release|Any CPU
		{9756C19E-DA71-4706-9239-2ECFB389A7D0}.Release|Any CPU.Build.0 = Release|Any CPU
		{5742B86C-9ED4-4CB7-A2B7-0C6E34B69606}.Debug|Any CPU.ActiveCfg = Debug|Any CPU
		{5742B86C-9ED4-4CB7-A2B7-0C6E34B69606}.Debug|Any CPU.Build.0 = Debug|Any CPU
		{5742B86C-9ED4-4CB7-A2B7-0C6E34B69606}.Release|Any CPU.ActiveCfg = Release|Any CPU
		{5742B86C-9ED4-4CB7-A2B7-0C6E34B69606}.Release|Any CPU.Build.0 = Release|Any CPU
		{CE111A15-47AF-4B58-B636-D42D57478DB8}.Debug|Any CPU.ActiveCfg = Debug|Any CPU
		{CE111A15-47AF-4B58-B636-D42D57478DB8}.Debug|Any CPU.Build.0 = Debug|Any CPU
		{CE111A15-47AF-4B58-B636-D42D57478DB8}.Release|Any CPU.ActiveCfg = Release|Any CPU
		{CE111A15-47AF-4B58-B636-D42D57478DB8}.Release|Any CPU.Build.0 = Release|Any CPU
		{1F7E8927-2560-417C-B479-B495799F0176}.Debug|Any CPU.ActiveCfg = Debug|Any CPU
		{1F7E8927-2560-417C-B479-B495799F0176}.Debug|Any CPU.Build.0 = Debug|Any CPU
		{1F7E8927-2560-417C-B479-B495799F0176}.Release|Any CPU.ActiveCfg = Release|Any CPU
		{1F7E8927-2560-417C-B479-B495799F0176}.Release|Any CPU.Build.0 = Release|Any CPU
		{2311DCA8-5CD7-43F4-854F-AB29F90ABFE9}.Debug|Any CPU.ActiveCfg = Debug|Any CPU
		{2311DCA8-5CD7-43F4-854F-AB29F90ABFE9}.Debug|Any CPU.Build.0 = Debug|Any CPU
		{2311DCA8-5CD7-43F4-854F-AB29F90ABFE9}.Release|Any CPU.ActiveCfg = Release|Any CPU
		{2311DCA8-5CD7-43F4-854F-AB29F90ABFE9}.Release|Any CPU.Build.0 = Release|Any CPU
		{67ACF5DF-68D9-41E4-A9CD-7AFC2ACD259C}.Debug|Any CPU.ActiveCfg = Debug|Any CPU
		{67ACF5DF-68D9-41E4-A9CD-7AFC2ACD259C}.Debug|Any CPU.Build.0 = Debug|Any CPU
		{67ACF5DF-68D9-41E4-A9CD-7AFC2ACD259C}.Release|Any CPU.ActiveCfg = Release|Any CPU
		{67ACF5DF-68D9-41E4-A9CD-7AFC2ACD259C}.Release|Any CPU.Build.0 = Release|Any CPU
		{8830F43A-E953-4264-9FC9-10EAC7ABAB73}.Debug|Any CPU.ActiveCfg = Debug|Any CPU
		{8830F43A-E953-4264-9FC9-10EAC7ABAB73}.Debug|Any CPU.Build.0 = Debug|Any CPU
		{8830F43A-E953-4264-9FC9-10EAC7ABAB73}.Release|Any CPU.ActiveCfg = Release|Any CPU
		{8830F43A-E953-4264-9FC9-10EAC7ABAB73}.Release|Any CPU.Build.0 = Release|Any CPU
		{4FC73B7B-F1DB-49F6-BBFF-4D4690D7D57F}.Debug|Any CPU.ActiveCfg = Debug|Any CPU
		{4FC73B7B-F1DB-49F6-BBFF-4D4690D7D57F}.Debug|Any CPU.Build.0 = Debug|Any CPU
		{4FC73B7B-F1DB-49F6-BBFF-4D4690D7D57F}.Release|Any CPU.ActiveCfg = Release|Any CPU
		{4FC73B7B-F1DB-49F6-BBFF-4D4690D7D57F}.Release|Any CPU.Build.0 = Release|Any CPU
		{67BFE991-CF67-4D8F-BF0A-F50AF3153A6A}.Debug|Any CPU.ActiveCfg = Debug|Any CPU
		{67BFE991-CF67-4D8F-BF0A-F50AF3153A6A}.Debug|Any CPU.Build.0 = Debug|Any CPU
		{67BFE991-CF67-4D8F-BF0A-F50AF3153A6A}.Release|Any CPU.ActiveCfg = Release|Any CPU
		{67BFE991-CF67-4D8F-BF0A-F50AF3153A6A}.Release|Any CPU.Build.0 = Release|Any CPU
		{A08439DC-59D3-4DD7-A7BF-10D6C53BB239}.Debug|Any CPU.ActiveCfg = Debug|Any CPU
		{A08439DC-59D3-4DD7-A7BF-10D6C53BB239}.Debug|Any CPU.Build.0 = Debug|Any CPU
		{A08439DC-59D3-4DD7-A7BF-10D6C53BB239}.Release|Any CPU.ActiveCfg = Release|Any CPU
		{A08439DC-59D3-4DD7-A7BF-10D6C53BB239}.Release|Any CPU.Build.0 = Release|Any CPU
		{60E3EFE5-4566-477C-A322-9E3ABF8CB614}.Debug|Any CPU.ActiveCfg = Debug|Any CPU
		{60E3EFE5-4566-477C-A322-9E3ABF8CB614}.Debug|Any CPU.Build.0 = Debug|Any CPU
		{60E3EFE5-4566-477C-A322-9E3ABF8CB614}.Release|Any CPU.ActiveCfg = Release|Any CPU
		{60E3EFE5-4566-477C-A322-9E3ABF8CB614}.Release|Any CPU.Build.0 = Release|Any CPU
		{BF6AFDA5-A0BF-41C8-99EC-A9F227BFB7F5}.Debug|Any CPU.ActiveCfg = Debug|Any CPU
		{BF6AFDA5-A0BF-41C8-99EC-A9F227BFB7F5}.Debug|Any CPU.Build.0 = Debug|Any CPU
		{BF6AFDA5-A0BF-41C8-99EC-A9F227BFB7F5}.Release|Any CPU.ActiveCfg = Release|Any CPU
		{BF6AFDA5-A0BF-41C8-99EC-A9F227BFB7F5}.Release|Any CPU.Build.0 = Release|Any CPU
		{460D222D-D204-4D38-96E4-316459A068FC}.Debug|Any CPU.ActiveCfg = Debug|Any CPU
		{460D222D-D204-4D38-96E4-316459A068FC}.Debug|Any CPU.Build.0 = Debug|Any CPU
		{460D222D-D204-4D38-96E4-316459A068FC}.Release|Any CPU.ActiveCfg = Release|Any CPU
		{460D222D-D204-4D38-96E4-316459A068FC}.Release|Any CPU.Build.0 = Release|Any CPU
		{9F9E7D7B-BDFC-4A19-8C9A-85C051D4984C}.Debug|Any CPU.ActiveCfg = Debug|Any CPU
		{9F9E7D7B-BDFC-4A19-8C9A-85C051D4984C}.Debug|Any CPU.Build.0 = Debug|Any CPU
		{9F9E7D7B-BDFC-4A19-8C9A-85C051D4984C}.Release|Any CPU.ActiveCfg = Release|Any CPU
		{9F9E7D7B-BDFC-4A19-8C9A-85C051D4984C}.Release|Any CPU.Build.0 = Release|Any CPU
		{9ABFFC4E-E166-4885-9356-12C958FEFC62}.Debug|Any CPU.ActiveCfg = Debug|Any CPU
		{9ABFFC4E-E166-4885-9356-12C958FEFC62}.Debug|Any CPU.Build.0 = Debug|Any CPU
		{9ABFFC4E-E166-4885-9356-12C958FEFC62}.Release|Any CPU.ActiveCfg = Release|Any CPU
		{9ABFFC4E-E166-4885-9356-12C958FEFC62}.Release|Any CPU.Build.0 = Release|Any CPU
	EndGlobalSection
	GlobalSection(SolutionProperties) = preSolution
		HideSolutionNode = FALSE
	EndGlobalSection
EndGlobal
