
Microsoft Visual Studio Solution File, Format Version 12.00
# Visual Studio 2012
Project("{FAE04EC0-301F-11D3-BF4B-00C04F79EFBC}") = "1. Cooking", "Cooking\1. Cooking.csproj", "{B4CCA048-EF28-4063-A103-9E2C9BB07BCD}"
EndProject
Project("{FAE04EC0-301F-11D3-BF4B-00C04F79EFBC}") = "2. RefactorIfStatement", "RefactorIfStatement\2. RefactorIfStatement.csproj", "{7311FEA2-9D3D-4E9C-8F42-58CBD9AD29EA}"
EndProject
Project("{FAE04EC0-301F-11D3-BF4B-00C04F79EFBC}") = "3. RefactoringLoop", "RefactoringLoop\3. RefactoringLoop.csproj", "{8DC60B1E-0953-4724-97DD-64B157531C88}"
EndProject
Global
	GlobalSection(SolutionConfigurationPlatforms) = preSolution
		Debug|Any CPU = Debug|Any CPU
		Release|Any CPU = Release|Any CPU
	EndGlobalSection
	GlobalSection(ProjectConfigurationPlatforms) = postSolution
		{B4CCA048-EF28-4063-A103-9E2C9BB07BCD}.Debug|Any CPU.ActiveCfg = Debug|Any CPU
		{B4CCA048-EF28-4063-A103-9E2C9BB07BCD}.Debug|Any CPU.Build.0 = Debug|Any CPU
		{B4CCA048-EF28-4063-A103-9E2C9BB07BCD}.Release|Any CPU.ActiveCfg = Release|Any CPU
		{B4CCA048-EF28-4063-A103-9E2C9BB07BCD}.Release|Any CPU.Build.0 = Release|Any CPU
		{7311FEA2-9D3D-4E9C-8F42-58CBD9AD29EA}.Debug|Any CPU.ActiveCfg = Debug|Any CPU
		{7311FEA2-9D3D-4E9C-8F42-58CBD9AD29EA}.Debug|Any CPU.Build.0 = Debug|Any CPU
		{7311FEA2-9D3D-4E9C-8F42-58CBD9AD29EA}.Release|Any CPU.ActiveCfg = Release|Any CPU
		{7311FEA2-9D3D-4E9C-8F42-58CBD9AD29EA}.Release|Any CPU.Build.0 = Release|Any CPU
		{8DC60B1E-0953-4724-97DD-64B157531C88}.Debug|Any CPU.ActiveCfg = Debug|Any CPU
		{8DC60B1E-0953-4724-97DD-64B157531C88}.Debug|Any CPU.Build.0 = Debug|Any CPU
		{8DC60B1E-0953-4724-97DD-64B157531C88}.Release|Any CPU.ActiveCfg = Release|Any CPU
		{8DC60B1E-0953-4724-97DD-64B157531C88}.Release|Any CPU.Build.0 = Release|Any CPU
	EndGlobalSection
	GlobalSection(SolutionProperties) = preSolution
		HideSolutionNode = FALSE
	EndGlobalSection
EndGlobal
